schema: '2.0'
stages:
  preprocess_text:
    cmd: python train-api/services/preprocess_text.py
    deps:
    - path: data/X_train_update.csv
      hash: md5
      md5: c936389910c88bb29bf2c438af3476df
      size: 54129120
    - path: train-api/services/preprocess_text.py
      hash: md5
      md5: d6dedecb21a3b688eeec7bd351e20be0
      size: 3572
    outs:
    - path: artifacts/text_vectorizer.pkl
      hash: md5
      md5: 1fadc9d5ca7432e0df8c37490ce751f2
      size: 124425
    - path: data/text_features.npy
      hash: md5
      md5: ff41edfc4abaea85254fe19d748db482
      size: 417000128
  preprocess_image:
    cmd: python train-api/services/preprocess_image.py
    deps:
    - path: data/images/image_train
      hash: md5
      md5: d29a5e5a3b12a64121b7e6b1179a16e5.dir
      size: 2257219410
      nfiles: 84916
    - path: train-api/services/preprocess_image.py
      hash: md5
      md5: f2e8daaba6b41f75613f8e68b5daba08
      size: 3452
      isexec: true
    outs:
    - path: data/feature_cache/image_features.npy
      hash: md5
      md5: a90eb221cca202dcdea7e284c7f3c026
      size: 695632000
  reduce_features:
    cmd: python train-api/services/pca_reducer.py
    deps:
    - path: data/image_features.npy
      hash: md5
      md5: aeaee9cd6aea2ba3df8ba0712cfc805a
      size: 695632000
    - path: data/text_features.npy
      hash: md5
      md5: ff41edfc4abaea85254fe19d748db482
      size: 417000128
    - path: train-api/services/pca_reducer.py
      hash: md5
      md5: 743683aac7ad4025e27ceb3c271a8a65
      size: 5812
    outs:
    - path: artifacts/X_reduced.npy
      hash: md5
      md5: 5d47b3b8182d1c0917fc5b1a1c2a9cfc
      size: 449715264
    - path: artifacts/pca_image.pkl
      hash: md5
      md5: e91afe5a68834ba670a72cae6ed0866b
      size: 4955898
    - path: artifacts/pca_text.pkl
      hash: md5
      md5: e91afe5a68834ba670a72cae6ed0866b
      size: 4955898
  train_model:
    cmd: python train-api/services/trainer.py
    deps:
    - path: artifacts/X_reduced.npy
      hash: md5
      md5: 5d47b3b8182d1c0917fc5b1a1c2a9cfc
      size: 449715264
    - path: data/Y_train_CVw08PX.csv
      hash: md5
      md5: 52d45c998ddc0c10f05987bb233ff5e7
      size: 906705
    - path: train-api/services/trainer.py
      hash: md5
      md5: 530f9f47b17d6c31c8c955f5bddc949a
      size: 12723
    outs:
    - path: artifacts/label_encoder.pkl
      hash: md5
      md5: ce410ee1bcce7843aa25e56c32554e4a
      size: 329
    - path: artifacts/neural_network_model.keras
      hash: md5
      md5: d05b137bd1a513fa688220655332e9b7
      size: 32664920
    - path: artifacts/train_history.json
      hash: md5
      md5: d41d8cd98f00b204e9800998ecf8427e
      size: 0
    - path: metrics.json
      hash: md5
      md5: d41d8cd98f00b204e9800998ecf8427e
      size: 0
    - path: plots/history.json
      hash: md5
      md5: 81051bcc2cf1bedf378224b0a93e2877
      size: 2
  predict_model:
    cmd: python predict-api/app.py
    deps:
    - path: artifacts/label_encoder.pkl
      hash: md5
      md5: ce410ee1bcce7843aa25e56c32554e4a
      size: 329
    - path: artifacts/neural_network_model.keras
      hash: md5
      md5: d05b137bd1a513fa688220655332e9b7
      size: 32664920
    - path: artifacts/pca_image.pkl
      hash: md5
      md5: e91afe5a68834ba670a72cae6ed0866b
      size: 4955898
    - path: artifacts/pca_text.pkl
      hash: md5
      md5: e91afe5a68834ba670a72cae6ed0866b
      size: 4955898
    - path: artifacts/text_vectorizer.pkl
      hash: md5
      md5: 1fadc9d5ca7432e0df8c37490ce751f2
      size: 124425
    - path: predict-api/app.py
      hash: md5
      md5: f5a107705aa9e3259fb93e728c5a6d31
      size: 7255
  preprocess_text_cv:
    cmd: python train-api/services/preprocess_text.py
    deps:
    - path: data/X_train_update.csv
      hash: md5
      md5: c936389910c88bb29bf2c438af3476df
      size: 54129120
      isexec: true
    - path: data/feature_cache/ocr_text.csv
      hash: md5
      md5: 5529a5d86362506d46f055a428242679
      size: 5026735
    - path: train-api/services/preprocess_text.py
      hash: md5
      md5: c47ed04a63825360ef54cf89784469e6
      size: 7352
      isexec: true
    outs:
    - path: data/artifacts/text_vectorizer.pkl
      hash: md5
      md5: 7d1e55650014e21b4568ed3e3d1fc531
      size: 4
    - path: data/feature_cache/text_features.npy
      hash: md5
      md5: 8dbcd25452b2fbb13e9489cbcb600b6f
      size: 3396640128
  preprocess_text_minilm:
    cmd: python minilm-encoder/encode.py
    deps:
    - path: data/X_train_update.csv
      hash: md5
      md5: c936389910c88bb29bf2c438af3476df
      size: 54129120
      isexec: true
    - path: minilm-encoder/app.py
      hash: md5
      md5: f09f5fbd20588a35dfef3a939706954e
      size: 13339
      isexec: true
    - path: minilm-encoder/encode.py
      hash: md5
      md5: 29df270ffbea7cc4687548838990c54d
      size: 2272
      isexec: true
    outs:
    - path: data/feature_cache/text_features_minilm.npy
      hash: md5
      md5: 175b93caca971b80714195647f1c5526
      size: 130431104
  preprocess_text_clip:
    cmd: python clip-encoder/app.py
    deps:
    - path: clip-encoder/app.py
      hash: md5
      md5: 6939f328bb38dcd33638c3daf935999b
      size: 14353
      isexec: true
    - path: data/X_train_update.csv
      hash: md5
      md5: c936389910c88bb29bf2c438af3476df
      size: 54129120
      isexec: true
    outs:
    - path: data/feature_cache/text_features_clip.npy
      hash: md5
      md5: c7199cdb35637675783cccdce927ba35
      size: 173908096
  reduce_features_cv:
    cmd: python train-api/services/run_pca.py 
      data/feature_cache/text_features.npy data/feature_cache/image_features.npy
      countvectorizer /tmp/pca_out_cv.json
    deps:
    - path: data/feature_cache/image_features.npy
      hash: md5
      md5: a90eb221cca202dcdea7e284c7f3c026
      size: 695632000
    - path: data/feature_cache/text_features.npy
      hash: md5
      md5: 8163c6a2f12191af8ee7ab2f38f762a5
      size: 3396640128
    - path: train-api/services/pca_reducer.py
      hash: md5
      md5: 194fb3ee19aa826f32f433b428217d87
      size: 8258
      isexec: true
    - path: train-api/services/run_pca.py
      hash: md5
      md5: d6a3325586e432c2fa11242ed54fffc5
      size: 997
      isexec: true
    outs:
    - path: data/artifacts/pca_image.pkl
      hash: md5
      md5: 19bc5ad11df8b0ccee52fb62176d49fb
      size: 6334208
      isexec: true
    - path: data/artifacts/pca_text.pkl
      hash: md5
      md5: 7d1e55650014e21b4568ed3e3d1fc531
      size: 4
      isexec: true
  reduce_features_minilm:
    cmd: python train-api/services/run_pca.py 
      data/feature_cache/text_features_minilm.npy 
      data/feature_cache/image_features.npy minilm /tmp/pca_out_minilm.json
    deps:
    - path: data/artifacts/pca_image.pkl
      hash: md5
      md5: 19bc5ad11df8b0ccee52fb62176d49fb
      size: 6334208
      isexec: true
    - path: data/feature_cache/image_features.npy
      hash: md5
      md5: a90eb221cca202dcdea7e284c7f3c026
      size: 695632000
    - path: data/feature_cache/text_features_minilm.npy
      hash: md5
      md5: 175b93caca971b80714195647f1c5526
      size: 130431104
    - path: train-api/services/pca_reducer.py
      hash: md5
      md5: 194fb3ee19aa826f32f433b428217d87
      size: 8258
      isexec: true
    - path: train-api/services/run_pca.py
      hash: md5
      md5: d6a3325586e432c2fa11242ed54fffc5
      size: 997
      isexec: true
  reduce_features_clip:
    cmd: python train-api/services/run_pca.py 
      data/feature_cache/text_features_clip.npy 
      data/feature_cache/image_features.npy clip /tmp/pca_out_clip.json
    deps:
    - path: data/artifacts/pca_image.pkl
      hash: md5
      md5: 19bc5ad11df8b0ccee52fb62176d49fb
      size: 6334208
      isexec: true
    - path: data/feature_cache/image_features.npy
      hash: md5
      md5: a90eb221cca202dcdea7e284c7f3c026
      size: 695632000
    - path: data/feature_cache/text_features_clip.npy
      hash: md5
      md5: c7199cdb35637675783cccdce927ba35
      size: 173908096
    - path: train-api/services/pca_reducer.py
      hash: md5
      md5: 194fb3ee19aa826f32f433b428217d87
      size: 8258
      isexec: true
    - path: train-api/services/run_pca.py
      hash: md5
      md5: d6a3325586e432c2fa11242ed54fffc5
      size: 997
      isexec: true
  train_cv:
    cmd: python train-api/services/run_full_pipeline.py cv_dvc countvectorizer 
      10 32 false true
    deps:
    - path: data/Y_train_CVw08PX.csv
      hash: md5
      md5: 52d45c998ddc0c10f05987bb233ff5e7
      size: 906705
      isexec: true
    - path: data/artifacts/pca_image.pkl
      hash: md5
      md5: 19bc5ad11df8b0ccee52fb62176d49fb
      size: 6334208
      isexec: true
    - path: data/artifacts/pca_text.pkl
      hash: md5
      md5: 7d1e55650014e21b4568ed3e3d1fc531
      size: 4
      isexec: true
    - path: data/artifacts/text_vectorizer.pkl
      hash: md5
      md5: 7d1e55650014e21b4568ed3e3d1fc531
      size: 4
    - path: data/feature_cache/image_features.npy
      hash: md5
      md5: a90eb221cca202dcdea7e284c7f3c026
      size: 695632000
    - path: data/feature_cache/text_features.npy
      hash: md5
      md5: 8163c6a2f12191af8ee7ab2f38f762a5
      size: 3396640128
    - path: train-api/services/run_full_pipeline.py
      hash: md5
      md5: 657090c937b1f64334be74e827990a88
      size: 12312
      isexec: true
    - path: train-api/services/trainer.py
      hash: md5
      md5: b44690b581ba4bc9cace24c652207d07
      size: 20682
      isexec: true
    outs:
    - path: data/artifacts/label_encoder.pkl
      hash: md5
      md5: 4b0f9577471a197965866f5633c7c27b
      size: 457
      isexec: true
    - path: data/artifacts/neural_network_model.keras
      hash: md5
      md5: 43ea2372f92f5b7917a5aafdf0a622a2
      size: 19045295
    - path: data/artifacts/train_history.json
      hash: md5
      md5: dd51a1b4b22f3059dbccaa8a7365a31b
      size: 4153
      isexec: true
  train_minilm:
    cmd: python train-api/services/run_full_pipeline.py minilm_dvc minilm 10 32 
      false true
    deps:
    - path: data/Y_train_CVw08PX.csv
      hash: md5
      md5: 52d45c998ddc0c10f05987bb233ff5e7
      size: 906705
      isexec: true
    - path: data/artifacts/pca_image.pkl
      hash: md5
      md5: 19bc5ad11df8b0ccee52fb62176d49fb
      size: 6334208
      isexec: true
    - path: data/feature_cache/image_features.npy
      hash: md5
      md5: a90eb221cca202dcdea7e284c7f3c026
      size: 695632000
    - path: data/feature_cache/text_features_minilm.npy
      hash: md5
      md5: 175b93caca971b80714195647f1c5526
      size: 130431104
    - path: train-api/services/run_full_pipeline.py
      hash: md5
      md5: 657090c937b1f64334be74e827990a88
      size: 12312
      isexec: true
    - path: train-api/services/trainer.py
      hash: md5
      md5: b44690b581ba4bc9cace24c652207d07
      size: 20682
      isexec: true
    outs:
    - path: data/artifacts/neural_network_model_minilm.keras
      hash: md5
      md5: 790badd72733fbdef6c9214f2401704d
      size: 14326699
    - path: data/artifacts/train_history_minilm.json
      hash: md5
      md5: 907c733795301aeccad355de737e7c22
      size: 6106
  train_clip:
    cmd: python train-api/services/run_full_pipeline.py clip_dvc clip 10 32 
      false true
    deps:
    - path: data/Y_train_CVw08PX.csv
      hash: md5
      md5: 52d45c998ddc0c10f05987bb233ff5e7
      size: 906705
      isexec: true
    - path: data/artifacts/pca_image.pkl
      hash: md5
      md5: 19bc5ad11df8b0ccee52fb62176d49fb
      size: 6334208
      isexec: true
    - path: data/feature_cache/image_features.npy
      hash: md5
      md5: a90eb221cca202dcdea7e284c7f3c026
      size: 695632000
    - path: data/feature_cache/text_features_clip.npy
      hash: md5
      md5: c7199cdb35637675783cccdce927ba35
      size: 173908096
    - path: train-api/services/run_full_pipeline.py
      hash: md5
      md5: 657090c937b1f64334be74e827990a88
      size: 12312
      isexec: true
    - path: train-api/services/trainer.py
      hash: md5
      md5: b44690b581ba4bc9cace24c652207d07
      size: 20682
      isexec: true
    outs:
    - path: data/artifacts/neural_network_model_clip.keras
      hash: md5
      md5: 8f8ff7a474ddd308d60a52ff6fac6eb0
      size: 7199654
    - path: data/artifacts/train_history_clip.json
      hash: md5
      md5: f7cf66927e098e999305520b7c057079
      size: 7387
  predict:
    cmd: uvicorn app:app --host 0.0.0.0 --port 5003
    deps:
    - path: data/artifacts/label_encoder.pkl
      hash: md5
      md5: 4b0f9577471a197965866f5633c7c27b
      size: 457
      isexec: true
    - path: data/artifacts/neural_network_model.keras
      hash: md5
      md5: 43ea2372f92f5b7917a5aafdf0a622a2
      size: 19045295
    - path: data/artifacts/neural_network_model_clip.keras
      hash: md5
      md5: 8f8ff7a474ddd308d60a52ff6fac6eb0
      size: 7199654
    - path: data/artifacts/neural_network_model_minilm.keras
      hash: md5
      md5: 790badd72733fbdef6c9214f2401704d
      size: 14326699
    - path: data/artifacts/neural_network_model_mpnet.keras
      hash: md5
      md5: 0210129a057c8bf6b1a9c478f3f9f5c1
      size: 19045295
    - path: data/artifacts/pca_image.pkl
      hash: md5
      md5: 19bc5ad11df8b0ccee52fb62176d49fb
      size: 6334208
      isexec: true
    - path: data/artifacts/pca_text.pkl
      hash: md5
      md5: 7d1e55650014e21b4568ed3e3d1fc531
      size: 4
      isexec: true
    - path: data/artifacts/text_vectorizer.pkl
      hash: md5
      md5: 7d1e55650014e21b4568ed3e3d1fc531
      size: 4
    - path: predict-api/app.py
      hash: md5
      md5: e8f402739d5684426e049777b7f87a80
      size: 23059
      isexec: true
  preprocess_text_mpnet:
    cmd: python minilm-encoder/encode.py
    deps:
    - path: data/X_train_update.csv
      hash: md5
      md5: c936389910c88bb29bf2c438af3476df
      size: 54129120
      isexec: true
    - path: minilm-encoder/app.py
      hash: md5
      md5: f09f5fbd20588a35dfef3a939706954e
      size: 13339
      isexec: true
    - path: minilm-encoder/encode.py
      hash: md5
      md5: 29df270ffbea7cc4687548838990c54d
      size: 2272
      isexec: true
    outs:
    - path: data/feature_cache/text_features_mpnet.npy
      hash: md5
      md5: 05c33544faf1fb292a66e24081eedb6d
      size: 260862080
  reduce_features_mpnet:
    cmd: python train-api/services/run_pca.py 
      data/feature_cache/text_features_mpnet.npy 
      data/feature_cache/image_features.npy mpnet /tmp/pca_out_mpnet.json
    deps:
    - path: data/artifacts/pca_image.pkl
      hash: md5
      md5: 19bc5ad11df8b0ccee52fb62176d49fb
      size: 6334208
      isexec: true
    - path: data/feature_cache/image_features.npy
      hash: md5
      md5: a90eb221cca202dcdea7e284c7f3c026
      size: 695632000
    - path: data/feature_cache/text_features_mpnet.npy
      hash: md5
      md5: 05c33544faf1fb292a66e24081eedb6d
      size: 260862080
    - path: train-api/services/pca_reducer.py
      hash: md5
      md5: 194fb3ee19aa826f32f433b428217d87
      size: 8258
      isexec: true
    - path: train-api/services/run_pca.py
      hash: md5
      md5: d6a3325586e432c2fa11242ed54fffc5
      size: 997
      isexec: true
  train_mpnet:
    cmd: python train-api/services/run_full_pipeline.py mpnet_dvc mpnet 10 32 
      false true
    deps:
    - path: data/Y_train_CVw08PX.csv
      hash: md5
      md5: 52d45c998ddc0c10f05987bb233ff5e7
      size: 906705
      isexec: true
    - path: data/artifacts/pca_image.pkl
      hash: md5
      md5: 19bc5ad11df8b0ccee52fb62176d49fb
      size: 6334208
      isexec: true
    - path: data/feature_cache/image_features.npy
      hash: md5
      md5: a90eb221cca202dcdea7e284c7f3c026
      size: 695632000
    - path: data/feature_cache/text_features_mpnet.npy
      hash: md5
      md5: 05c33544faf1fb292a66e24081eedb6d
      size: 260862080
    - path: train-api/services/run_full_pipeline.py
      hash: md5
      md5: 657090c937b1f64334be74e827990a88
      size: 12312
      isexec: true
    - path: train-api/services/trainer.py
      hash: md5
      md5: b44690b581ba4bc9cace24c652207d07
      size: 20682
      isexec: true
    outs:
    - path: data/artifacts/neural_network_model_mpnet.keras
      hash: md5
      md5: 0210129a057c8bf6b1a9c478f3f9f5c1
      size: 19045295
    - path: data/artifacts/train_history_mpnet.json
      hash: md5
      md5: aa6ebac33af43df0495070f8db76bc87
      size: 5261
